
Microsoft Visual Studio Solution File, Format Version 12.00
# Visual Studio Version 16
VisualStudioVersion = 16.0.31424.327
MinimumVisualStudioVersion = 10.0.40219.1
Project("{FAE04EC0-301F-11D3-BF4B-00C04F79EFBC}") = "Gardenia", "Gardenia\Gardenia.csproj", "{3A3300D2-CA53-4256-8784-60269CA030FB}"
EndProject
Project("{FAE04EC0-301F-11D3-BF4B-00C04F79EFBC}") = "Gardenia.Data", "Gardenia.Data\Gardenia.Data.csproj", "{B91290B4-480E-4B36-88AF-4FDC24BA1226}"
EndProject
Global
	GlobalSection(SolutionConfigurationPlatforms) = preSolution
		Debug|Any CPU = Debug|Any CPU
		Release|Any CPU = Release|Any CPU
	EndGlobalSection
	GlobalSection(ProjectConfigurationPlatforms) = postSolution
		{3A3300D2-CA53-4256-8784-60269CA030FB}.Debug|Any CPU.ActiveCfg = Debug|Any CPU
		{3A3300D2-CA53-4256-8784-60269CA030FB}.Debug|Any CPU.Build.0 = Debug|Any CPU
		{3A3300D2-CA53-4256-8784-60269CA030FB}.Release|Any CPU.ActiveCfg = Release|Any CPU
		{3A3300D2-CA53-4256-8784-60269CA030FB}.Release|Any CPU.Build.0 = Release|Any CPU
		{B91290B4-480E-4B36-88AF-4FDC24BA1226}.Debug|Any CPU.ActiveCfg = Debug|Any CPU
		{B91290B4-480E-4B36-88AF-4FDC24BA1226}.Debug|Any CPU.Build.0 = Debug|Any CPU
		{B91290B4-480E-4B36-88AF-4FDC24BA1226}.Release|Any CPU.ActiveCfg = Release|Any CPU
		{B91290B4-480E-4B36-88AF-4FDC24BA1226}.Release|Any CPU.Build.0 = Release|Any CPU
	EndGlobalSection
	GlobalSection(SolutionProperties) = preSolution
		HideSolutionNode = FALSE
	EndGlobalSection
	GlobalSection(ExtensibilityGlobals) = postSolution
		SolutionGuid = {09D19D77-54CD-4957-B5C4-E3E4A0D51818}
	EndGlobalSection
EndGlobal
